
Microsoft Visual Studio Solution File, Format Version 12.00
# Visual Studio Version 17
VisualStudioVersion = 17.4.33103.184
MinimumVisualStudioVersion = 10.0.40219.1
Project("{9A19103F-16F7-4668-BE54-9A1E7A4F7556}") = "Validation", "Validation\Validation.csproj", "{8C23F6D4-630F-48F1-9A69-039149126893}"
EndProject
Project("{FAE04EC0-301F-11D3-BF4B-00C04F79EFBC}") = "Exceptions", "Exceptions\Exceptions.csproj", "{4E0C36F5-7454-4FE9-B5D2-980CF4546D6C}"
EndProject
Global
	GlobalSection(SolutionConfigurationPlatforms) = preSolution
		Debug|Any CPU = Debug|Any CPU
		Release|Any CPU = Release|Any CPU
	EndGlobalSection
	GlobalSection(ProjectConfigurationPlatforms) = postSolution
		{8C23F6D4-630F-48F1-9A69-039149126893}.Debug|Any CPU.ActiveCfg = Debug|Any CPU
		{8C23F6D4-630F-48F1-9A69-039149126893}.Debug|Any CPU.Build.0 = Debug|Any CPU
		{8C23F6D4-630F-48F1-9A69-039149126893}.Release|Any CPU.ActiveCfg = Release|Any CPU
		{8C23F6D4-630F-48F1-9A69-039149126893}.Release|Any CPU.Build.0 = Release|Any CPU
		{4E0C36F5-7454-4FE9-B5D2-980CF4546D6C}.Debug|Any CPU.ActiveCfg = Debug|Any CPU
		{4E0C36F5-7454-4FE9-B5D2-980CF4546D6C}.Debug|Any CPU.Build.0 = Debug|Any CPU
		{4E0C36F5-7454-4FE9-B5D2-980CF4546D6C}.Release|Any CPU.ActiveCfg = Release|Any CPU
		{4E0C36F5-7454-4FE9-B5D2-980CF4546D6C}.Release|Any CPU.Build.0 = Release|Any CPU
	EndGlobalSection
	GlobalSection(SolutionProperties) = preSolution
		HideSolutionNode = FALSE
	EndGlobalSection
	GlobalSection(ExtensibilityGlobals) = postSolution
		SolutionGuid = {CC186A1F-5058-4361-9522-9179D8B9E050}
	EndGlobalSection
EndGlobal
